
Microsoft Visual Studio Solution File, Format Version 12.00
# Visual Studio Version 16
VisualStudioVersion = 16.0.28922.388
MinimumVisualStudioVersion = 10.0.40219.1
Project("{FAE04EC0-301F-11D3-BF4B-00C04F79EFBC}") = "SPZ_Lab2", "SPZ_Lab2\SPZ_Lab2.csproj", "{282CA955-C254-425B-AAD4-1F494242E9DE}"
EndProject
Global
	GlobalSection(SolutionConfigurationPlatforms) = preSolution
		Debug|Any CPU = Debug|Any CPU
		Release|Any CPU = Release|Any CPU
	EndGlobalSection
	GlobalSection(ProjectConfigurationPlatforms) = postSolution
		{282CA955-C254-425B-AAD4-1F494242E9DE}.Debug|Any CPU.ActiveCfg = Debug|Any CPU
		{282CA955-C254-425B-AAD4-1F494242E9DE}.Debug|Any CPU.Build.0 = Debug|Any CPU
		{282CA955-C254-425B-AAD4-1F494242E9DE}.Release|Any CPU.ActiveCfg = Release|Any CPU
		{282CA955-C254-425B-AAD4-1F494242E9DE}.Release|Any CPU.Build.0 = Release|Any CPU
	EndGlobalSection
	GlobalSection(SolutionProperties) = preSolution
		HideSolutionNode = FALSE
	EndGlobalSection
	GlobalSection(ExtensibilityGlobals) = postSolution
		SolutionGuid = {25FEE6AA-0CFE-4232-B447-7CA8E854ACE3}
	EndGlobalSection
EndGlobal
